
Microsoft Visual Studio Solution File, Format Version 12.00
# Visual Studio Version 16
VisualStudioVersion = 16.0.31402.337
MinimumVisualStudioVersion = 10.0.40219.1
Project("{FAE04EC0-301F-11D3-BF4B-00C04F79EFBC}") = "Prova_Danilo", "Prova_Danilo.csproj", "{A5A565F5-2AD3-4681-86C9-FD57391C26E2}"
EndProject
Global
	GlobalSection(SolutionConfigurationPlatforms) = preSolution
		Debug|Any CPU = Debug|Any CPU
		Release|Any CPU = Release|Any CPU
	EndGlobalSection
	GlobalSection(ProjectConfigurationPlatforms) = postSolution
		{A5A565F5-2AD3-4681-86C9-FD57391C26E2}.Debug|Any CPU.ActiveCfg = Debug|Any CPU
		{A5A565F5-2AD3-4681-86C9-FD57391C26E2}.Debug|Any CPU.Build.0 = Debug|Any CPU
		{A5A565F5-2AD3-4681-86C9-FD57391C26E2}.Release|Any CPU.ActiveCfg = Release|Any CPU
		{A5A565F5-2AD3-4681-86C9-FD57391C26E2}.Release|Any CPU.Build.0 = Release|Any CPU
	EndGlobalSection
	GlobalSection(SolutionProperties) = preSolution
		HideSolutionNode = FALSE
	EndGlobalSection
	GlobalSection(ExtensibilityGlobals) = postSolution
		SolutionGuid = {9888C1E5-D3FE-4BE3-90F9-CA77F9A4EC95}
	EndGlobalSection
EndGlobal
